
Microsoft Visual Studio Solution File, Format Version 12.00
# Visual Studio Version 17
VisualStudioVersion = 17.14.36203.30 d17.14
MinimumVisualStudioVersion = 10.0.40219.1
Project("{FAE04EC0-301F-11D3-BF4B-00C04F79EFBC}") = "TestProjectWebAPI", "TestProjectWebAPI.csproj", "{840FD73C-5AFD-497A-A840-BAD7557F43D4}"
EndProject
Project("{FAE04EC0-301F-11D3-BF4B-00C04F79EFBC}") = "TestProjectLibrary", "..\..\Libraries\TestProjectLibrary\TestProjectLibrary.csproj", "{CCF44D52-516B-4E72-A443-CB048D851463}"
EndProject
Global
	GlobalSection(SolutionConfigurationPlatforms) = preSolution
		Debug|Any CPU = Debug|Any CPU
		Release|Any CPU = Release|Any CPU
	EndGlobalSection
	GlobalSection(ProjectConfigurationPlatforms) = postSolution
		{840FD73C-5AFD-497A-A840-BAD7557F43D4}.Debug|Any CPU.ActiveCfg = Debug|Any CPU
		{840FD73C-5AFD-497A-A840-BAD7557F43D4}.Debug|Any CPU.Build.0 = Debug|Any CPU
		{840FD73C-5AFD-497A-A840-BAD7557F43D4}.Release|Any CPU.ActiveCfg = Release|Any CPU
		{840FD73C-5AFD-497A-A840-BAD7557F43D4}.Release|Any CPU.Build.0 = Release|Any CPU
		{CCF44D52-516B-4E72-A443-CB048D851463}.Debug|Any CPU.ActiveCfg = Debug|Any CPU
		{CCF44D52-516B-4E72-A443-CB048D851463}.Debug|Any CPU.Build.0 = Debug|Any CPU
		{CCF44D52-516B-4E72-A443-CB048D851463}.Release|Any CPU.ActiveCfg = Release|Any CPU
		{CCF44D52-516B-4E72-A443-CB048D851463}.Release|Any CPU.Build.0 = Release|Any CPU
	EndGlobalSection
	GlobalSection(SolutionProperties) = preSolution
		HideSolutionNode = FALSE
	EndGlobalSection
	GlobalSection(ExtensibilityGlobals) = postSolution
		SolutionGuid = {19C7658E-7342-43E8-8D37-669C79C57E79}
	EndGlobalSection
EndGlobal
