
Microsoft Visual Studio Solution File, Format Version 12.00
# Visual Studio Version 17
VisualStudioVersion = 17.14.36203.30
MinimumVisualStudioVersion = 10.0.40219.1
Project("{FAE04EC0-301F-11D3-BF4B-00C04F79EFBC}") = "WpfTest", "WpfTest.csproj", "{A40762F4-0225-4E32-8B6E-626197AEB16C}"
EndProject
Global
	GlobalSection(SolutionConfigurationPlatforms) = preSolution
		Debug|Any CPU = Debug|Any CPU
		Release|Any CPU = Release|Any CPU
	EndGlobalSection
	GlobalSection(ProjectConfigurationPlatforms) = postSolution
		{A40762F4-0225-4E32-8B6E-626197AEB16C}.Debug|Any CPU.ActiveCfg = Debug|Any CPU
		{A40762F4-0225-4E32-8B6E-626197AEB16C}.Debug|Any CPU.Build.0 = Debug|Any CPU
		{A40762F4-0225-4E32-8B6E-626197AEB16C}.Release|Any CPU.ActiveCfg = Release|Any CPU
		{A40762F4-0225-4E32-8B6E-626197AEB16C}.Release|Any CPU.Build.0 = Release|Any CPU
	EndGlobalSection
	GlobalSection(SolutionProperties) = preSolution
		HideSolutionNode = FALSE
	EndGlobalSection
	GlobalSection(ExtensibilityGlobals) = postSolution
		SolutionGuid = {E00AB969-9E8C-4154-A334-65AC75480223}
	EndGlobalSection
EndGlobal
